
Microsoft Visual Studio Solution File, Format Version 12.00
# Visual Studio Version 16
VisualStudioVersion = 16.0.31105.61
MinimumVisualStudioVersion = 10.0.40219.1
Project("{FAE04EC0-301F-11D3-BF4B-00C04F79EFBC}") = "Core.Task", "Core.Task\Core.Task.csproj", "{156CE88F-D54B-43D3-B552-D5472D9018BF}"
EndProject
Global
	GlobalSection(SolutionConfigurationPlatforms) = preSolution
		Debug|Any CPU = Debug|Any CPU
		Release|Any CPU = Release|Any CPU
	EndGlobalSection
	GlobalSection(ProjectConfigurationPlatforms) = postSolution
		{156CE88F-D54B-43D3-B552-D5472D9018BF}.Debug|Any CPU.ActiveCfg = Debug|Any CPU
		{156CE88F-D54B-43D3-B552-D5472D9018BF}.Debug|Any CPU.Build.0 = Debug|Any CPU
		{156CE88F-D54B-43D3-B552-D5472D9018BF}.Release|Any CPU.ActiveCfg = Release|Any CPU
		{156CE88F-D54B-43D3-B552-D5472D9018BF}.Release|Any CPU.Build.0 = Release|Any CPU
	EndGlobalSection
	GlobalSection(SolutionProperties) = preSolution
		HideSolutionNode = FALSE
	EndGlobalSection
	GlobalSection(ExtensibilityGlobals) = postSolution
		SolutionGuid = {A253C080-0ADA-46A2-A0DD-F2CA18614D46}
	EndGlobalSection
EndGlobal
